
Microsoft Visual Studio Solution File, Format Version 12.00
# Visual Studio Version 17
VisualStudioVersion = 17.11.35303.130
MinimumVisualStudioVersion = 10.0.40219.1
Project("{9A19103F-16F7-4668-BE54-9A1E7A4F7556}") = "Orchestation", "Orchestation\Orchestation.csproj", "{8D7CFE7C-64B8-4318-B3BA-62D54D782C2D}"
EndProject
Project("{9A19103F-16F7-4668-BE54-9A1E7A4F7556}") = "Project.Core.DataLayer", "Project.DataLayer\Project.Core.DataLayer.csproj", "{6A9636FA-C795-4A8F-BE0F-8F6854A8BDD1}"
EndProject
Project("{9A19103F-16F7-4668-BE54-9A1E7A4F7556}") = "Project.Worker", "Project.Worker\Project.Worker.csproj", "{32C9F87C-6EE2-43AE-A5C3-2A62F6C282BA}"
EndProject
Project("{2150E333-8FDC-42A3-9474-1A3956D46DE8}") = "Libs", "Libs", "{5EC194FA-980D-45E9-8691-CEE34AE174CC}"
EndProject
Project("{9A19103F-16F7-4668-BE54-9A1E7A4F7556}") = "Project.BusinessLogic", "Project.BusinessLogic\Project.BusinessLogic.csproj", "{C5B61341-79EF-4245-84E5-9EA793F882C2}"
EndProject
Project("{9A19103F-16F7-4668-BE54-9A1E7A4F7556}") = "Project.Api", "Project.Api\Project.Api.csproj", "{5C34CE04-8A34-4176-8CCA-CA92B96BCB71}"
EndProject
Project("{9A19103F-16F7-4668-BE54-9A1E7A4F7556}") = "Project.Core.Services", "Libs\Project.Core.Services\Project.Core.Services.csproj", "{01BB05B7-A9CB-4470-A959-D5718B835CED}"
EndProject
Project("{FAE04EC0-301F-11D3-BF4B-00C04F79EFBC}") = "Project.Shared.Interfaces", "Libs\Project.Shared.Interfaces\Project.Shared.Interfaces.csproj", "{7958FAC6-5871-47DA-9FB4-D6EC0160E847}"
EndProject
Global
	GlobalSection(SolutionConfigurationPlatforms) = preSolution
		Debug|Any CPU = Debug|Any CPU
		Release|Any CPU = Release|Any CPU
	EndGlobalSection
	GlobalSection(ProjectConfigurationPlatforms) = postSolution
		{8D7CFE7C-64B8-4318-B3BA-62D54D782C2D}.Debug|Any CPU.ActiveCfg = Debug|Any CPU
		{8D7CFE7C-64B8-4318-B3BA-62D54D782C2D}.Debug|Any CPU.Build.0 = Debug|Any CPU
		{8D7CFE7C-64B8-4318-B3BA-62D54D782C2D}.Release|Any CPU.ActiveCfg = Release|Any CPU
		{8D7CFE7C-64B8-4318-B3BA-62D54D782C2D}.Release|Any CPU.Build.0 = Release|Any CPU
		{6A9636FA-C795-4A8F-BE0F-8F6854A8BDD1}.Debug|Any CPU.ActiveCfg = Debug|Any CPU
		{6A9636FA-C795-4A8F-BE0F-8F6854A8BDD1}.Debug|Any CPU.Build.0 = Debug|Any CPU
		{6A9636FA-C795-4A8F-BE0F-8F6854A8BDD1}.Release|Any CPU.ActiveCfg = Release|Any CPU
		{6A9636FA-C795-4A8F-BE0F-8F6854A8BDD1}.Release|Any CPU.Build.0 = Release|Any CPU
		{32C9F87C-6EE2-43AE-A5C3-2A62F6C282BA}.Debug|Any CPU.ActiveCfg = Debug|Any CPU
		{32C9F87C-6EE2-43AE-A5C3-2A62F6C282BA}.Debug|Any CPU.Build.0 = Debug|Any CPU
		{32C9F87C-6EE2-43AE-A5C3-2A62F6C282BA}.Release|Any CPU.ActiveCfg = Release|Any CPU
		{32C9F87C-6EE2-43AE-A5C3-2A62F6C282BA}.Release|Any CPU.Build.0 = Release|Any CPU
		{C5B61341-79EF-4245-84E5-9EA793F882C2}.Debug|Any CPU.ActiveCfg = Debug|Any CPU
		{C5B61341-79EF-4245-84E5-9EA793F882C2}.Debug|Any CPU.Build.0 = Debug|Any CPU
		{C5B61341-79EF-4245-84E5-9EA793F882C2}.Release|Any CPU.ActiveCfg = Release|Any CPU
		{C5B61341-79EF-4245-84E5-9EA793F882C2}.Release|Any CPU.Build.0 = Release|Any CPU
		{5C34CE04-8A34-4176-8CCA-CA92B96BCB71}.Debug|Any CPU.ActiveCfg = Debug|Any CPU
		{5C34CE04-8A34-4176-8CCA-CA92B96BCB71}.Debug|Any CPU.Build.0 = Debug|Any CPU
		{5C34CE04-8A34-4176-8CCA-CA92B96BCB71}.Release|Any CPU.ActiveCfg = Release|Any CPU
		{5C34CE04-8A34-4176-8CCA-CA92B96BCB71}.Release|Any CPU.Build.0 = Release|Any CPU
		{01BB05B7-A9CB-4470-A959-D5718B835CED}.Debug|Any CPU.ActiveCfg = Debug|Any CPU
		{01BB05B7-A9CB-4470-A959-D5718B835CED}.Debug|Any CPU.Build.0 = Debug|Any CPU
		{01BB05B7-A9CB-4470-A959-D5718B835CED}.Release|Any CPU.ActiveCfg = Release|Any CPU
		{01BB05B7-A9CB-4470-A959-D5718B835CED}.Release|Any CPU.Build.0 = Release|Any CPU
		{7958FAC6-5871-47DA-9FB4-D6EC0160E847}.Debug|Any CPU.ActiveCfg = Debug|Any CPU
		{7958FAC6-5871-47DA-9FB4-D6EC0160E847}.Debug|Any CPU.Build.0 = Debug|Any CPU
		{7958FAC6-5871-47DA-9FB4-D6EC0160E847}.Release|Any CPU.ActiveCfg = Release|Any CPU
		{7958FAC6-5871-47DA-9FB4-D6EC0160E847}.Release|Any CPU.Build.0 = Release|Any CPU
	EndGlobalSection
	GlobalSection(SolutionProperties) = preSolution
		HideSolutionNode = FALSE
	EndGlobalSection
	GlobalSection(NestedProjects) = preSolution
		{6A9636FA-C795-4A8F-BE0F-8F6854A8BDD1} = {5EC194FA-980D-45E9-8691-CEE34AE174CC}
		{C5B61341-79EF-4245-84E5-9EA793F882C2} = {5EC194FA-980D-45E9-8691-CEE34AE174CC}
		{01BB05B7-A9CB-4470-A959-D5718B835CED} = {5EC194FA-980D-45E9-8691-CEE34AE174CC}
		{7958FAC6-5871-47DA-9FB4-D6EC0160E847} = {5EC194FA-980D-45E9-8691-CEE34AE174CC}
	EndGlobalSection
	GlobalSection(ExtensibilityGlobals) = postSolution
		SolutionGuid = {736A792E-37A8-4208-AE94-23395473A979}
	EndGlobalSection
EndGlobal
